
Microsoft Visual Studio Solution File, Format Version 11.00
# Visual Studio 2010
Project("{FAE04EC0-301F-11D3-BF4B-00C04F79EFBC}") = "P3D_DeBin", "P3D_DeBin.csproj", "{39053FC3-67CF-4ABB-A1C1-FA7696E183A1}"
EndProject
Global
	GlobalSection(SolutionConfigurationPlatforms) = preSolution
		Debug|Any CPU = Debug|Any CPU
		Release|Any CPU = Release|Any CPU
	EndGlobalSection
	GlobalSection(ProjectConfigurationPlatforms) = postSolution
		{39053FC3-67CF-4ABB-A1C1-FA7696E183A1}.Debug|Any CPU.ActiveCfg = Debug|Any CPU
		{39053FC3-67CF-4ABB-A1C1-FA7696E183A1}.Debug|Any CPU.Build.0 = Debug|Any CPU
		{39053FC3-67CF-4ABB-A1C1-FA7696E183A1}.Release|Any CPU.ActiveCfg = Release|Any CPU
		{39053FC3-67CF-4ABB-A1C1-FA7696E183A1}.Release|Any CPU.Build.0 = Release|Any CPU
	EndGlobalSection
	GlobalSection(SolutionProperties) = preSolution
		HideSolutionNode = FALSE
	EndGlobalSection
EndGlobal
